
Microsoft Visual Studio Solution File, Format Version 12.00
# Visual Studio Version 17
VisualStudioVersion = 17.8.34511.84
MinimumVisualStudioVersion = 10.0.40219.1
Project("{FAE04EC0-301F-11D3-BF4B-00C04F79EFBC}") = "ZooScenario", "ZooScenario\ZooScenario.csproj", "{475C4CD4-604F-419D-B5FD-8A9E31496169}"
EndProject
Project("{FAE04EC0-301F-11D3-BF4B-00C04F79EFBC}") = "Foods", "Foods\Foods.csproj", "{AC8C3583-7543-494E-9D31-11959B3E4F55}"
EndProject
Project("{FAE04EC0-301F-11D3-BF4B-00C04F79EFBC}") = "People", "People\People.csproj", "{56F9E695-9C71-49F4-A4E2-DF464B254173}"
EndProject
Project("{FAE04EC0-301F-11D3-BF4B-00C04F79EFBC}") = "VendingMachines", "VendingMachines\VendingMachines.csproj", "{54D73B95-BD3F-4F43-AED3-387DE16EA703}"
EndProject
Project("{FAE04EC0-301F-11D3-BF4B-00C04F79EFBC}") = "Animals", "Animals\Animals.csproj", "{7BACE754-1EEE-45EA-A30F-2FB3288F212F}"
EndProject
Project("{FAE04EC0-301F-11D3-BF4B-00C04F79EFBC}") = "Reproducers", "Reproducers\Reproducers.csproj", "{31A1844C-33A9-4351-802A-F3AA4C31CC5E}"
EndProject
Project("{FAE04EC0-301F-11D3-BF4B-00C04F79EFBC}") = "Zoos", "Zoos\Zoos.csproj", "{B9CB6E8B-EA4F-4F4D-B663-8447E9D02D63}"
EndProject
Project("{FAE04EC0-301F-11D3-BF4B-00C04F79EFBC}") = "Toys", "Toys\Toys.csproj", "{0C981785-FEF3-4D0A-AC2D-8194DBAF3ACC}"
EndProject
Project("{FAE04EC0-301F-11D3-BF4B-00C04F79EFBC}") = "BirthingRooms", "BirthingRooms\BirthingRooms.csproj", "{26D16C95-BA19-4B45-8906-27A4AA0185A9}"
EndProject
Project("{FAE04EC0-301F-11D3-BF4B-00C04F79EFBC}") = "BoothItems", "BoothItems\BoothItems.csproj", "{6740E2B0-EBBB-4494-A237-FB1E5BDB6B07}"
EndProject
Project("{FAE04EC0-301F-11D3-BF4B-00C04F79EFBC}") = "ZooConsole", "ZooConsole\ZooConsole.csproj", "{B509A6AA-AD50-4FB3-AAF3-BB27DE0A76E9}"
EndProject
Project("{FAE04EC0-301F-11D3-BF4B-00C04F79EFBC}") = "MoneyCollectors", "MoneyCollectors\MoneyCollectors.csproj", "{E594795E-389E-405B-9DDA-FADE3D870D79}"
EndProject
Project("{FAE04EC0-301F-11D3-BF4B-00C04F79EFBC}") = "Accounts", "Accounts\Accounts.csproj", "{8547F40C-AFAB-4ED7-B3E8-7E7C6400F4E1}"
EndProject
Project("{FAE04EC0-301F-11D3-BF4B-00C04F79EFBC}") = "Utilities", "Utilities\Utilities.csproj", "{6C2BBBA5-7367-450E-AC92-5484A17F0EB9}"
EndProject
Project("{FAE04EC0-301F-11D3-BF4B-00C04F79EFBC}") = "CagedItems", "CagedItems\CagedItems.csproj", "{C686BD3C-0C39-4D01-9094-0816D1553933}"
EndProject
Global
	GlobalSection(SolutionConfigurationPlatforms) = preSolution
		Debug|Any CPU = Debug|Any CPU
		Release|Any CPU = Release|Any CPU
	EndGlobalSection
	GlobalSection(ProjectConfigurationPlatforms) = postSolution
		{475C4CD4-604F-419D-B5FD-8A9E31496169}.Debug|Any CPU.ActiveCfg = Debug|Any CPU
		{475C4CD4-604F-419D-B5FD-8A9E31496169}.Debug|Any CPU.Build.0 = Debug|Any CPU
		{475C4CD4-604F-419D-B5FD-8A9E31496169}.Release|Any CPU.ActiveCfg = Release|Any CPU
		{475C4CD4-604F-419D-B5FD-8A9E31496169}.Release|Any CPU.Build.0 = Release|Any CPU
		{AC8C3583-7543-494E-9D31-11959B3E4F55}.Debug|Any CPU.ActiveCfg = Debug|Any CPU
		{AC8C3583-7543-494E-9D31-11959B3E4F55}.Debug|Any CPU.Build.0 = Debug|Any CPU
		{AC8C3583-7543-494E-9D31-11959B3E4F55}.Release|Any CPU.ActiveCfg = Release|Any CPU
		{AC8C3583-7543-494E-9D31-11959B3E4F55}.Release|Any CPU.Build.0 = Release|Any CPU
		{56F9E695-9C71-49F4-A4E2-DF464B254173}.Debug|Any CPU.ActiveCfg = Debug|Any CPU
		{56F9E695-9C71-49F4-A4E2-DF464B254173}.Debug|Any CPU.Build.0 = Debug|Any CPU
		{56F9E695-9C71-49F4-A4E2-DF464B254173}.Release|Any CPU.ActiveCfg = Release|Any CPU
		{56F9E695-9C71-49F4-A4E2-DF464B254173}.Release|Any CPU.Build.0 = Release|Any CPU
		{54D73B95-BD3F-4F43-AED3-387DE16EA703}.Debug|Any CPU.ActiveCfg = Debug|Any CPU
		{54D73B95-BD3F-4F43-AED3-387DE16EA703}.Debug|Any CPU.Build.0 = Debug|Any CPU
		{54D73B95-BD3F-4F43-AED3-387DE16EA703}.Release|Any CPU.ActiveCfg = Release|Any CPU
		{54D73B95-BD3F-4F43-AED3-387DE16EA703}.Release|Any CPU.Build.0 = Release|Any CPU
		{7BACE754-1EEE-45EA-A30F-2FB3288F212F}.Debug|Any CPU.ActiveCfg = Debug|Any CPU
		{7BACE754-1EEE-45EA-A30F-2FB3288F212F}.Debug|Any CPU.Build.0 = Debug|Any CPU
		{7BACE754-1EEE-45EA-A30F-2FB3288F212F}.Release|Any CPU.ActiveCfg = Release|Any CPU
		{7BACE754-1EEE-45EA-A30F-2FB3288F212F}.Release|Any CPU.Build.0 = Release|Any CPU
		{31A1844C-33A9-4351-802A-F3AA4C31CC5E}.Debug|Any CPU.ActiveCfg = Debug|Any CPU
		{31A1844C-33A9-4351-802A-F3AA4C31CC5E}.Debug|Any CPU.Build.0 = Debug|Any CPU
		{31A1844C-33A9-4351-802A-F3AA4C31CC5E}.Release|Any CPU.ActiveCfg = Release|Any CPU
		{31A1844C-33A9-4351-802A-F3AA4C31CC5E}.Release|Any CPU.Build.0 = Release|Any CPU
		{B9CB6E8B-EA4F-4F4D-B663-8447E9D02D63}.Debug|Any CPU.ActiveCfg = Debug|Any CPU
		{B9CB6E8B-EA4F-4F4D-B663-8447E9D02D63}.Debug|Any CPU.Build.0 = Debug|Any CPU
		{B9CB6E8B-EA4F-4F4D-B663-8447E9D02D63}.Release|Any CPU.ActiveCfg = Release|Any CPU
		{B9CB6E8B-EA4F-4F4D-B663-8447E9D02D63}.Release|Any CPU.Build.0 = Release|Any CPU
		{0C981785-FEF3-4D0A-AC2D-8194DBAF3ACC}.Debug|Any CPU.ActiveCfg = Debug|Any CPU
		{0C981785-FEF3-4D0A-AC2D-8194DBAF3ACC}.Debug|Any CPU.Build.0 = Debug|Any CPU
		{0C981785-FEF3-4D0A-AC2D-8194DBAF3ACC}.Release|Any CPU.ActiveCfg = Release|Any CPU
		{0C981785-FEF3-4D0A-AC2D-8194DBAF3ACC}.Release|Any CPU.Build.0 = Release|Any CPU
		{26D16C95-BA19-4B45-8906-27A4AA0185A9}.Debug|Any CPU.ActiveCfg = Debug|Any CPU
		{26D16C95-BA19-4B45-8906-27A4AA0185A9}.Debug|Any CPU.Build.0 = Debug|Any CPU
		{26D16C95-BA19-4B45-8906-27A4AA0185A9}.Release|Any CPU.ActiveCfg = Release|Any CPU
		{26D16C95-BA19-4B45-8906-27A4AA0185A9}.Release|Any CPU.Build.0 = Release|Any CPU
		{6740E2B0-EBBB-4494-A237-FB1E5BDB6B07}.Debug|Any CPU.ActiveCfg = Debug|Any CPU
		{6740E2B0-EBBB-4494-A237-FB1E5BDB6B07}.Debug|Any CPU.Build.0 = Debug|Any CPU
		{6740E2B0-EBBB-4494-A237-FB1E5BDB6B07}.Release|Any CPU.ActiveCfg = Release|Any CPU
		{6740E2B0-EBBB-4494-A237-FB1E5BDB6B07}.Release|Any CPU.Build.0 = Release|Any CPU
		{B509A6AA-AD50-4FB3-AAF3-BB27DE0A76E9}.Debug|Any CPU.ActiveCfg = Debug|Any CPU
		{B509A6AA-AD50-4FB3-AAF3-BB27DE0A76E9}.Debug|Any CPU.Build.0 = Debug|Any CPU
		{B509A6AA-AD50-4FB3-AAF3-BB27DE0A76E9}.Release|Any CPU.ActiveCfg = Release|Any CPU
		{B509A6AA-AD50-4FB3-AAF3-BB27DE0A76E9}.Release|Any CPU.Build.0 = Release|Any CPU
		{E594795E-389E-405B-9DDA-FADE3D870D79}.Debug|Any CPU.ActiveCfg = Debug|Any CPU
		{E594795E-389E-405B-9DDA-FADE3D870D79}.Debug|Any CPU.Build.0 = Debug|Any CPU
		{E594795E-389E-405B-9DDA-FADE3D870D79}.Release|Any CPU.ActiveCfg = Release|Any CPU
		{E594795E-389E-405B-9DDA-FADE3D870D79}.Release|Any CPU.Build.0 = Release|Any CPU
		{8547F40C-AFAB-4ED7-B3E8-7E7C6400F4E1}.Debug|Any CPU.ActiveCfg = Debug|Any CPU
		{8547F40C-AFAB-4ED7-B3E8-7E7C6400F4E1}.Debug|Any CPU.Build.0 = Debug|Any CPU
		{8547F40C-AFAB-4ED7-B3E8-7E7C6400F4E1}.Release|Any CPU.ActiveCfg = Release|Any CPU
		{8547F40C-AFAB-4ED7-B3E8-7E7C6400F4E1}.Release|Any CPU.Build.0 = Release|Any CPU
		{6C2BBBA5-7367-450E-AC92-5484A17F0EB9}.Debug|Any CPU.ActiveCfg = Debug|Any CPU
		{6C2BBBA5-7367-450E-AC92-5484A17F0EB9}.Debug|Any CPU.Build.0 = Debug|Any CPU
		{6C2BBBA5-7367-450E-AC92-5484A17F0EB9}.Release|Any CPU.ActiveCfg = Release|Any CPU
		{6C2BBBA5-7367-450E-AC92-5484A17F0EB9}.Release|Any CPU.Build.0 = Release|Any CPU
		{C686BD3C-0C39-4D01-9094-0816D1553933}.Debug|Any CPU.ActiveCfg = Debug|Any CPU
		{C686BD3C-0C39-4D01-9094-0816D1553933}.Debug|Any CPU.Build.0 = Debug|Any CPU
		{C686BD3C-0C39-4D01-9094-0816D1553933}.Release|Any CPU.ActiveCfg = Release|Any CPU
		{C686BD3C-0C39-4D01-9094-0816D1553933}.Release|Any CPU.Build.0 = Release|Any CPU
	EndGlobalSection
	GlobalSection(SolutionProperties) = preSolution
		HideSolutionNode = FALSE
	EndGlobalSection
	GlobalSection(ExtensibilityGlobals) = postSolution
		SolutionGuid = {EF79A089-B127-4C8F-A345-72946AE70C2A}
	EndGlobalSection
EndGlobal
